dependencies:
- name: nats
  repository: file://../../helm-charts/nats
  version: 0.8.4
- name: redis
  repository: file://../../helm-charts/redis
  version: 0.7.1
- name: metallb
  repository: https://charts.bitnami.com/bitnami
  version: 2.6.0
digest: sha256:7b6a097a3fbee2ceacc67ab64e9fa72aa5c627582547ff76a2cdd24bf2f24880
generated: "2022-09-29T16:37:54.809867034+02:00"
