dependencies:
- name: nats
  repository: https://accelleran.github.io/helm-charts/
  version: 0.2.3
- name: redis
  repository: https://accelleran.github.io/helm-charts/
  version: 0.6.2
- name: metallb
  repository: https://charts.bitnami.com/bitnami
  version: 2.3.5
digest: sha256:478da4fb75987655ba91d58425d0496c64f8d0f35fed4ff60a4d6ee1ee5ce753
generated: "2021-04-19T13:19:49.74761155+02:00"
